
Microsoft Visual Studio Solution File, Format Version 12.00
# Visual Studio Version 17
VisualStudioVersion = 17.12.35707.178
MinimumVisualStudioVersion = 10.0.40219.1
Project("{FAE04EC0-301F-11D3-BF4B-00C04F79EFBC}") = "PiViLity", "PiViLity\PiViLity.csproj", "{EDB7D18A-3ECB-4AC1-A680-A591D0EFDE37}"
	ProjectSection(ProjectDependencies) = postProject
		{45EC6E7E-64D0-48E3-BDDF-9288D0666C81} = {45EC6E7E-64D0-48E3-BDDF-9288D0666C81}
		{5322A171-1323-4357-B9DA-9F52A59343B4} = {5322A171-1323-4357-B9DA-9F52A59343B4}
		{AE5FD8BB-AAA4-49ED-B8B0-23F763CEE4D0} = {AE5FD8BB-AAA4-49ED-B8B0-23F763CEE4D0}
		{CC73438D-0E3F-44A7-BA01-679CB628547E} = {CC73438D-0E3F-44A7-BA01-679CB628547E}
	EndProjectSection
EndProject
Project("{FAE04EC0-301F-11D3-BF4B-00C04F79EFBC}") = "PiViLityCore", "PiViLityCore\PiViLityCore.csproj", "{B0E9F600-C4FA-463F-B511-BCA535F1DA65}"
EndProject
Project("{8BC9CEB8-8B4A-11D0-8D11-00A0C91BC942}") = "PiViLityNative", "PiViLityNative\PiViLityNative.vcxproj", "{5322A171-1323-4357-B9DA-9F52A59343B4}"
	ProjectSection(ProjectDependencies) = postProject
		{45EC6E7E-64D0-48E3-BDDF-9288D0666C81} = {45EC6E7E-64D0-48E3-BDDF-9288D0666C81}
	EndProjectSection
EndProject
Project("{FAE04EC0-301F-11D3-BF4B-00C04F79EFBC}") = "BasicPlugin", "BasicPlugin\BasicPlugin.csproj", "{AE5FD8BB-AAA4-49ED-B8B0-23F763CEE4D0}"
EndProject
Project("{8BC9CEB8-8B4A-11D0-8D11-00A0C91BC942}") = "BasicImagePluginCLI", "BasicImagePluginCLI\BasicImagePluginCLI.vcxproj", "{CC73438D-0E3F-44A7-BA01-679CB628547E}"
EndProject
Project("{8BC9CEB8-8B4A-11D0-8D11-00A0C91BC942}") = "PiVilityCRT", "PiVilityCRT\PiVilityCRT.vcxproj", "{45EC6E7E-64D0-48E3-BDDF-9288D0666C81}"
EndProject
Project("{2150E333-8FDC-42A3-9474-1A3956D46DE8}") = "c++_clr", "c++_clr", "{DDB4EF12-CC4E-5E88-E6FC-71A802F4DE97}"
EndProject
Project("{2150E333-8FDC-42A3-9474-1A3956D46DE8}") = "c#", "c#", "{7CE9F45F-A30C-4646-8D13-913ECB190438}"
EndProject
Project("{2150E333-8FDC-42A3-9474-1A3956D46DE8}") = "c++", "c++", "{37DF307B-45AB-4006-A904-DEF030D3EDFC}"
EndProject
Global
	GlobalSection(SolutionConfigurationPlatforms) = preSolution
		Debug|x64 = Debug|x64
		Debug|x86 = Debug|x86
		Release|x64 = Release|x64
		Release|x86 = Release|x86
	EndGlobalSection
	GlobalSection(ProjectConfigurationPlatforms) = postSolution
		{EDB7D18A-3ECB-4AC1-A680-A591D0EFDE37}.Debug|x64.ActiveCfg = Debug|x64
		{EDB7D18A-3ECB-4AC1-A680-A591D0EFDE37}.Debug|x64.Build.0 = Debug|x64
		{EDB7D18A-3ECB-4AC1-A680-A591D0EFDE37}.Debug|x86.ActiveCfg = Debug|Any CPU
		{EDB7D18A-3ECB-4AC1-A680-A591D0EFDE37}.Debug|x86.Build.0 = Debug|Any CPU
		{EDB7D18A-3ECB-4AC1-A680-A591D0EFDE37}.Release|x64.ActiveCfg = Release|x64
		{EDB7D18A-3ECB-4AC1-A680-A591D0EFDE37}.Release|x64.Build.0 = Release|x64
		{EDB7D18A-3ECB-4AC1-A680-A591D0EFDE37}.Release|x86.ActiveCfg = Release|Any CPU
		{EDB7D18A-3ECB-4AC1-A680-A591D0EFDE37}.Release|x86.Build.0 = Release|Any CPU
		{B0E9F600-C4FA-463F-B511-BCA535F1DA65}.Debug|x64.ActiveCfg = Debug|x64
		{B0E9F600-C4FA-463F-B511-BCA535F1DA65}.Debug|x64.Build.0 = Debug|x64
		{B0E9F600-C4FA-463F-B511-BCA535F1DA65}.Debug|x86.ActiveCfg = Debug|Any CPU
		{B0E9F600-C4FA-463F-B511-BCA535F1DA65}.Debug|x86.Build.0 = Debug|Any CPU
		{B0E9F600-C4FA-463F-B511-BCA535F1DA65}.Release|x64.ActiveCfg = Release|x64
		{B0E9F600-C4FA-463F-B511-BCA535F1DA65}.Release|x64.Build.0 = Release|x64
		{B0E9F600-C4FA-463F-B511-BCA535F1DA65}.Release|x86.ActiveCfg = Release|Any CPU
		{B0E9F600-C4FA-463F-B511-BCA535F1DA65}.Release|x86.Build.0 = Release|Any CPU
		{5322A171-1323-4357-B9DA-9F52A59343B4}.Debug|x64.ActiveCfg = Debug|x64
		{5322A171-1323-4357-B9DA-9F52A59343B4}.Debug|x64.Build.0 = Debug|x64
		{5322A171-1323-4357-B9DA-9F52A59343B4}.Debug|x86.ActiveCfg = Debug|Win32
		{5322A171-1323-4357-B9DA-9F52A59343B4}.Debug|x86.Build.0 = Debug|Win32
		{5322A171-1323-4357-B9DA-9F52A59343B4}.Release|x64.ActiveCfg = Release|x64
		{5322A171-1323-4357-B9DA-9F52A59343B4}.Release|x64.Build.0 = Release|x64
		{5322A171-1323-4357-B9DA-9F52A59343B4}.Release|x86.ActiveCfg = Release|Win32
		{5322A171-1323-4357-B9DA-9F52A59343B4}.Release|x86.Build.0 = Release|Win32
		{AE5FD8BB-AAA4-49ED-B8B0-23F763CEE4D0}.Debug|x64.ActiveCfg = Debug|x64
		{AE5FD8BB-AAA4-49ED-B8B0-23F763CEE4D0}.Debug|x64.Build.0 = Debug|x64
		{AE5FD8BB-AAA4-49ED-B8B0-23F763CEE4D0}.Debug|x86.ActiveCfg = Debug|Any CPU
		{AE5FD8BB-AAA4-49ED-B8B0-23F763CEE4D0}.Debug|x86.Build.0 = Debug|Any CPU
		{AE5FD8BB-AAA4-49ED-B8B0-23F763CEE4D0}.Release|x64.ActiveCfg = Release|x64
		{AE5FD8BB-AAA4-49ED-B8B0-23F763CEE4D0}.Release|x64.Build.0 = Release|x64
		{AE5FD8BB-AAA4-49ED-B8B0-23F763CEE4D0}.Release|x86.ActiveCfg = Release|Any CPU
		{AE5FD8BB-AAA4-49ED-B8B0-23F763CEE4D0}.Release|x86.Build.0 = Release|Any CPU
		{CC73438D-0E3F-44A7-BA01-679CB628547E}.Debug|x64.ActiveCfg = Debug|x64
		{CC73438D-0E3F-44A7-BA01-679CB628547E}.Debug|x64.Build.0 = Debug|x64
		{CC73438D-0E3F-44A7-BA01-679CB628547E}.Debug|x86.ActiveCfg = Debug|Win32
		{CC73438D-0E3F-44A7-BA01-679CB628547E}.Debug|x86.Build.0 = Debug|Win32
		{CC73438D-0E3F-44A7-BA01-679CB628547E}.Release|x64.ActiveCfg = Release|x64
		{CC73438D-0E3F-44A7-BA01-679CB628547E}.Release|x64.Build.0 = Release|x64
		{CC73438D-0E3F-44A7-BA01-679CB628547E}.Release|x86.ActiveCfg = Release|Win32
		{CC73438D-0E3F-44A7-BA01-679CB628547E}.Release|x86.Build.0 = Release|Win32
		{45EC6E7E-64D0-48E3-BDDF-9288D0666C81}.Debug|x64.ActiveCfg = Debug|x64
		{45EC6E7E-64D0-48E3-BDDF-9288D0666C81}.Debug|x64.Build.0 = Debug|x64
		{45EC6E7E-64D0-48E3-BDDF-9288D0666C81}.Debug|x86.ActiveCfg = Debug|Win32
		{45EC6E7E-64D0-48E3-BDDF-9288D0666C81}.Debug|x86.Build.0 = Debug|Win32
		{45EC6E7E-64D0-48E3-BDDF-9288D0666C81}.Release|x64.ActiveCfg = Release|x64
		{45EC6E7E-64D0-48E3-BDDF-9288D0666C81}.Release|x64.Build.0 = Release|x64
		{45EC6E7E-64D0-48E3-BDDF-9288D0666C81}.Release|x86.ActiveCfg = Release|Win32
		{45EC6E7E-64D0-48E3-BDDF-9288D0666C81}.Release|x86.Build.0 = Release|Win32
	EndGlobalSection
	GlobalSection(SolutionProperties) = preSolution
		HideSolutionNode = FALSE
	EndGlobalSection
	GlobalSection(NestedProjects) = preSolution
		{EDB7D18A-3ECB-4AC1-A680-A591D0EFDE37} = {7CE9F45F-A30C-4646-8D13-913ECB190438}
		{B0E9F600-C4FA-463F-B511-BCA535F1DA65} = {7CE9F45F-A30C-4646-8D13-913ECB190438}
		{5322A171-1323-4357-B9DA-9F52A59343B4} = {DDB4EF12-CC4E-5E88-E6FC-71A802F4DE97}
		{AE5FD8BB-AAA4-49ED-B8B0-23F763CEE4D0} = {7CE9F45F-A30C-4646-8D13-913ECB190438}
		{CC73438D-0E3F-44A7-BA01-679CB628547E} = {DDB4EF12-CC4E-5E88-E6FC-71A802F4DE97}
		{45EC6E7E-64D0-48E3-BDDF-9288D0666C81} = {37DF307B-45AB-4006-A904-DEF030D3EDFC}
	EndGlobalSection
	GlobalSection(ExtensibilityGlobals) = postSolution
		SolutionGuid = {233DCE9F-24D8-401F-B2D1-FC66B7EF6DC4}
	EndGlobalSection
EndGlobal
